{
  "lockfileVersion": 1,
  "configVersion": 1,
  "workspaces": {
    "": {
      "name": "arcraiders-data",
      "devDependencies": {
        "prettier": "^3.6.2",
        "prettier-plugin-sort-json": "^4.1.1",
        "safe-stable-stringify": "^2.5.0",
      },
    },
  },
  "packages": {
    "prettier": ["prettier@3.6.2", "", { "bin": { "prettier": "bin/prettier.cjs" } }, "sha512-I7AIg5boAr5R0FFtJ6rCfD+LFsWHp81dolrFD8S79U9tb8Az2nGrJncnMSnys+bpQJfRUzqs9hnA81OAA3hCuQ=="],

    "prettier-plugin-sort-json": ["prettier-plugin-sort-json@4.1.1", "", { "peerDependencies": { "prettier": "^3.0.0" } }, "sha512-uJ49wCzwJ/foKKV4tIPxqi4jFFvwUzw4oACMRG2dcmDhBKrxBv0L2wSKkAqHCmxKCvj0xcCZS4jO2kSJO/tRJw=="],

    "safe-stable-stringify": ["safe-stable-stringify@2.5.0", "", {}, "sha512-b3rppTKm9T+PsVCBEOUR46GWI7fdOs00VKZ1+9c1EWDaDMvjQc6tUwuFyIprgGgTcWoVHSKrU8H31ZHA2e0RHA=="],
  }
}
